{
  "nodes": {
    "fenix": {
      "inputs": {
        "nixpkgs": [
          "nixpkgs"
        ],
        "rust-analyzer-src": "rust-analyzer-src"
      },
      "locked": {
        "lastModified": 1671603776,
        "narHash": "sha256-4OcAK1IUqvjf7cS175YRI3GOVNE5t5iSCqN30lfDGFk=",
        "owner": "nix-community",
        "repo": "fenix",
        "rev": "e419ca16500d124af816dbed1fbab6910327b8b3",
        "type": "github"
      },
      "original": {
        "owner": "nix-community",
        "repo": "fenix",
        "type": "github"
      }
    },
    "flake-utils": {
      "locked": {
        "lastModified": 1667395993,
        "narHash": "sha256-nuEHfE/LcWyuSWnS8t12N1wc105Qtau+/OdUAjtQ0rA=",
        "owner": "numtide",
        "repo": "flake-utils",
        "rev": "5aed5285a952e0b949eb3ba02c12fa4fcfef535f",
        "type": "github"
      },
      "original": {
        "owner": "numtide",
        "repo": "flake-utils",
        "type": "github"
      }
    },
    "naersk": {
      "inputs": {
        "nixpkgs": "nixpkgs"
      },
      "locked": {
        "lastModified": 1671096816,
        "narHash": "sha256-ezQCsNgmpUHdZANDCILm3RvtO1xH8uujk/+EqNvzIOg=",
        "owner": "nix-community",
        "repo": "naersk",
        "rev": "d998160d6a076cfe8f9741e56aeec7e267e3e114",
        "type": "github"
      },
      "original": {
        "owner": "nix-community",
        "repo": "naersk",
        "type": "github"
      }
    },
    "nixpkgs": {
      "locked": {
        "lastModified": 1668469466,
        "narHash": "sha256-IBkBaXJ9ZQ6stveJctd3e8X6KJl9r0wwaI961TNhw9A=",
        "path": "/nix/store/q2gxc370xg9k07xdacskv4cp2xrqmwbj-source",
        "rev": "d4863da28cc397a1b72c08253cfa38f4c91fc2b7",
        "type": "path"
      },
      "original": {
        "id": "nixpkgs",
        "type": "indirect"
      }
    },
    "nixpkgs_2": {
      "locked": {
        "lastModified": 1671641112,
        "narHash": "sha256-tKo6EuHfjC1NaVzpznI9UkrfWGwT2Qa1jpOu4Mx+Cbo=",
        "owner": "NixOS",
        "repo": "nixpkgs",
        "rev": "1d2980b570ea3009b64416a8d4e47ec320f796c7",
        "type": "github"
      },
      "original": {
        "owner": "NixOS",
        "repo": "nixpkgs",
        "type": "github"
      }
    },
    "root": {
      "inputs": {
        "fenix": "fenix",
        "flake-utils": "flake-utils",
        "naersk": "naersk",
        "nixpkgs": "nixpkgs_2"
      }
    },
    "rust-analyzer-src": {
      "flake": false,
      "locked": {
        "lastModified": 1671570698,
        "narHash": "sha256-RMNCapv21wVNx9dRNbStiP/aTrWTl9QbJjXlKcuxK3I=",
        "owner": "rust-lang",
        "repo": "rust-analyzer",
        "rev": "761b127c473f8324bc9fe46a3fb502bb0a8ba6ba",
        "type": "github"
      },
      "original": {
        "owner": "rust-lang",
        "ref": "nightly",
        "repo": "rust-analyzer",
        "type": "github"
      }
    }
  },
  "root": "root",
  "version": 7
}
